
Microsoft Visual Studio Solution File, Format Version 12.00
# Visual Studio Version 16
VisualStudioVersion = 16.0.31515.178
MinimumVisualStudioVersion = 10.0.40219.1
Project("{9A19103F-16F7-4668-BE54-9A1E7A4F7556}") = "RPGGame", "RPGGame\RPGGame.csproj", "{1F83FE27-0853-4787-BEB6-43B9D78DFE1C}"
EndProject
Project("{FAE04EC0-301F-11D3-BF4B-00C04F79EFBC}") = "HeroTests", "HeroTests\HeroTests.csproj", "{4D55BA33-D767-4BCB-99CD-2B6F5B18C724}"
EndProject
Global
	GlobalSection(SolutionConfigurationPlatforms) = preSolution
		Debug|Any CPU = Debug|Any CPU
		Release|Any CPU = Release|Any CPU
	EndGlobalSection
	GlobalSection(ProjectConfigurationPlatforms) = postSolution
		{1F83FE27-0853-4787-BEB6-43B9D78DFE1C}.Debug|Any CPU.ActiveCfg = Debug|Any CPU
		{1F83FE27-0853-4787-BEB6-43B9D78DFE1C}.Debug|Any CPU.Build.0 = Debug|Any CPU
		{1F83FE27-0853-4787-BEB6-43B9D78DFE1C}.Release|Any CPU.ActiveCfg = Release|Any CPU
		{1F83FE27-0853-4787-BEB6-43B9D78DFE1C}.Release|Any CPU.Build.0 = Release|Any CPU
		{4D55BA33-D767-4BCB-99CD-2B6F5B18C724}.Debug|Any CPU.ActiveCfg = Debug|Any CPU
		{4D55BA33-D767-4BCB-99CD-2B6F5B18C724}.Debug|Any CPU.Build.0 = Debug|Any CPU
		{4D55BA33-D767-4BCB-99CD-2B6F5B18C724}.Release|Any CPU.ActiveCfg = Release|Any CPU
		{4D55BA33-D767-4BCB-99CD-2B6F5B18C724}.Release|Any CPU.Build.0 = Release|Any CPU
	EndGlobalSection
	GlobalSection(SolutionProperties) = preSolution
		HideSolutionNode = FALSE
	EndGlobalSection
	GlobalSection(ExtensibilityGlobals) = postSolution
		SolutionGuid = {D9BFA5A6-F388-4BB5-86CD-D5FF94077EA0}
	EndGlobalSection
EndGlobal
